
Microsoft Visual Studio Solution File, Format Version 12.00
Project("{2150E333-8FDC-42A3-9474-1A3956D46DE8}") = "src", "src", "{A069B56C-5D75-4129-854B-D282B7CDF2A1}"
EndProject
Project("{2150E333-8FDC-42A3-9474-1A3956D46DE8}") = "FirstService", "FirstService", "{E3138347-CC07-464F-B93A-E45A9B1465C5}"
EndProject
Project("{FAE04EC0-301F-11D3-BF4B-00C04F79EFBC}") = "FirstService.Services", "src\FirstService\FirstService.Services\FirstService.Services.csproj", "{7B311B52-DC41-47FD-939E-A9D07F2DB295}"
EndProject
Project("{FAE04EC0-301F-11D3-BF4B-00C04F79EFBC}") = "FirstService.Main", "src\FirstService\FirstService.Main\FirstService.Main.csproj", "{60A8F26D-6B1D-4331-BD33-3C016A4E8DF9}"
EndProject
Project("{FAE04EC0-301F-11D3-BF4B-00C04F79EFBC}") = "FirstService.Services.Implementation", "src\FirstService\FirstService.Services.Implementation\FirstService.Services.Implementation.csproj", "{0BF856E0-B538-4835-9692-4B81F9983193}"
EndProject
Project("{2150E333-8FDC-42A3-9474-1A3956D46DE8}") = "SecondService", "SecondService", "{82A74DF9-FD48-4397-80AC-5DC2305302AD}"
EndProject
Project("{FAE04EC0-301F-11D3-BF4B-00C04F79EFBC}") = "SecondService.Main", "src\SecondService\SecondService.Main\SecondService.Main.csproj", "{2488E91C-7B2C-473C-A781-D8C70917C2DA}"
EndProject
Project("{FAE04EC0-301F-11D3-BF4B-00C04F79EFBC}") = "SecondService.Services", "src\SecondService\SecondService.Services\SecondService.Services.csproj", "{10EE397C-AB6A-42CB-9FB5-A4A3B8ED9D37}"
EndProject
Project("{FAE04EC0-301F-11D3-BF4B-00C04F79EFBC}") = "SecondService.Services.Implementation", "src\SecondService\SecondService.Services.Implementation\SecondService.Services.Implementation.csproj", "{56AD0218-3F87-45A9-BFCB-C2DD53113C3D}"
EndProject
Project("{2150E333-8FDC-42A3-9474-1A3956D46DE8}") = "Common", "Common", "{E5788CAF-B6D9-47F2-9118-305EE3A45BC1}"
EndProject
Project("{FAE04EC0-301F-11D3-BF4B-00C04F79EFBC}") = "Common.Interface", "src\Common\Common.Interface\Common.Interface.csproj", "{B6431A1C-F9D6-4B2A-B5F9-83B59D02163F}"
EndProject
Project("{FAE04EC0-301F-11D3-BF4B-00C04F79EFBC}") = "Common.Implementation", "src\Common\Common.Implementation\Common.Implementation.csproj", "{82C49406-88E8-4C70-AFEA-C7A02C336CDA}"
EndProject
Project("{FAE04EC0-301F-11D3-BF4B-00C04F79EFBC}") = "Common.DTO", "src\Common\Common.DTO\Common.DTO.csproj", "{4002710E-7525-464E-87B3-247ED132646A}"
EndProject
Project("{FAE04EC0-301F-11D3-BF4B-00C04F79EFBC}") = "Common.Utils", "src\Common\Common.Utils\Common.Utils.csproj", "{B5DBA9E3-E57A-4EC0-A697-690457643196}"
EndProject
Global
	GlobalSection(SolutionConfigurationPlatforms) = preSolution
		Debug|Any CPU = Debug|Any CPU
		Release|Any CPU = Release|Any CPU
	EndGlobalSection
	GlobalSection(NestedProjects) = preSolution
		{E3138347-CC07-464F-B93A-E45A9B1465C5} = {A069B56C-5D75-4129-854B-D282B7CDF2A1}
		{7B311B52-DC41-47FD-939E-A9D07F2DB295} = {E3138347-CC07-464F-B93A-E45A9B1465C5}
		{60A8F26D-6B1D-4331-BD33-3C016A4E8DF9} = {E3138347-CC07-464F-B93A-E45A9B1465C5}
		{0BF856E0-B538-4835-9692-4B81F9983193} = {E3138347-CC07-464F-B93A-E45A9B1465C5}
		{82A74DF9-FD48-4397-80AC-5DC2305302AD} = {A069B56C-5D75-4129-854B-D282B7CDF2A1}
		{2488E91C-7B2C-473C-A781-D8C70917C2DA} = {82A74DF9-FD48-4397-80AC-5DC2305302AD}
		{10EE397C-AB6A-42CB-9FB5-A4A3B8ED9D37} = {82A74DF9-FD48-4397-80AC-5DC2305302AD}
		{56AD0218-3F87-45A9-BFCB-C2DD53113C3D} = {82A74DF9-FD48-4397-80AC-5DC2305302AD}
		{E5788CAF-B6D9-47F2-9118-305EE3A45BC1} = {A069B56C-5D75-4129-854B-D282B7CDF2A1}
		{B6431A1C-F9D6-4B2A-B5F9-83B59D02163F} = {E5788CAF-B6D9-47F2-9118-305EE3A45BC1}
		{82C49406-88E8-4C70-AFEA-C7A02C336CDA} = {E5788CAF-B6D9-47F2-9118-305EE3A45BC1}
		{4002710E-7525-464E-87B3-247ED132646A} = {E5788CAF-B6D9-47F2-9118-305EE3A45BC1}
		{B5DBA9E3-E57A-4EC0-A697-690457643196} = {E5788CAF-B6D9-47F2-9118-305EE3A45BC1}
	EndGlobalSection
	GlobalSection(ProjectConfigurationPlatforms) = postSolution
		{7B311B52-DC41-47FD-939E-A9D07F2DB295}.Debug|Any CPU.ActiveCfg = Debug|Any CPU
		{7B311B52-DC41-47FD-939E-A9D07F2DB295}.Debug|Any CPU.Build.0 = Debug|Any CPU
		{7B311B52-DC41-47FD-939E-A9D07F2DB295}.Release|Any CPU.ActiveCfg = Release|Any CPU
		{7B311B52-DC41-47FD-939E-A9D07F2DB295}.Release|Any CPU.Build.0 = Release|Any CPU
		{60A8F26D-6B1D-4331-BD33-3C016A4E8DF9}.Debug|Any CPU.ActiveCfg = Debug|Any CPU
		{60A8F26D-6B1D-4331-BD33-3C016A4E8DF9}.Debug|Any CPU.Build.0 = Debug|Any CPU
		{60A8F26D-6B1D-4331-BD33-3C016A4E8DF9}.Release|Any CPU.ActiveCfg = Release|Any CPU
		{60A8F26D-6B1D-4331-BD33-3C016A4E8DF9}.Release|Any CPU.Build.0 = Release|Any CPU
		{0BF856E0-B538-4835-9692-4B81F9983193}.Debug|Any CPU.ActiveCfg = Debug|Any CPU
		{0BF856E0-B538-4835-9692-4B81F9983193}.Debug|Any CPU.Build.0 = Debug|Any CPU
		{0BF856E0-B538-4835-9692-4B81F9983193}.Release|Any CPU.ActiveCfg = Release|Any CPU
		{0BF856E0-B538-4835-9692-4B81F9983193}.Release|Any CPU.Build.0 = Release|Any CPU
		{2488E91C-7B2C-473C-A781-D8C70917C2DA}.Debug|Any CPU.ActiveCfg = Debug|Any CPU
		{2488E91C-7B2C-473C-A781-D8C70917C2DA}.Debug|Any CPU.Build.0 = Debug|Any CPU
		{2488E91C-7B2C-473C-A781-D8C70917C2DA}.Release|Any CPU.ActiveCfg = Release|Any CPU
		{2488E91C-7B2C-473C-A781-D8C70917C2DA}.Release|Any CPU.Build.0 = Release|Any CPU
		{10EE397C-AB6A-42CB-9FB5-A4A3B8ED9D37}.Debug|Any CPU.ActiveCfg = Debug|Any CPU
		{10EE397C-AB6A-42CB-9FB5-A4A3B8ED9D37}.Debug|Any CPU.Build.0 = Debug|Any CPU
		{10EE397C-AB6A-42CB-9FB5-A4A3B8ED9D37}.Release|Any CPU.ActiveCfg = Release|Any CPU
		{10EE397C-AB6A-42CB-9FB5-A4A3B8ED9D37}.Release|Any CPU.Build.0 = Release|Any CPU
		{56AD0218-3F87-45A9-BFCB-C2DD53113C3D}.Debug|Any CPU.ActiveCfg = Debug|Any CPU
		{56AD0218-3F87-45A9-BFCB-C2DD53113C3D}.Debug|Any CPU.Build.0 = Debug|Any CPU
		{56AD0218-3F87-45A9-BFCB-C2DD53113C3D}.Release|Any CPU.ActiveCfg = Release|Any CPU
		{56AD0218-3F87-45A9-BFCB-C2DD53113C3D}.Release|Any CPU.Build.0 = Release|Any CPU
		{B6431A1C-F9D6-4B2A-B5F9-83B59D02163F}.Debug|Any CPU.ActiveCfg = Debug|Any CPU
		{B6431A1C-F9D6-4B2A-B5F9-83B59D02163F}.Debug|Any CPU.Build.0 = Debug|Any CPU
		{B6431A1C-F9D6-4B2A-B5F9-83B59D02163F}.Release|Any CPU.ActiveCfg = Release|Any CPU
		{B6431A1C-F9D6-4B2A-B5F9-83B59D02163F}.Release|Any CPU.Build.0 = Release|Any CPU
		{82C49406-88E8-4C70-AFEA-C7A02C336CDA}.Debug|Any CPU.ActiveCfg = Debug|Any CPU
		{82C49406-88E8-4C70-AFEA-C7A02C336CDA}.Debug|Any CPU.Build.0 = Debug|Any CPU
		{82C49406-88E8-4C70-AFEA-C7A02C336CDA}.Release|Any CPU.ActiveCfg = Release|Any CPU
		{82C49406-88E8-4C70-AFEA-C7A02C336CDA}.Release|Any CPU.Build.0 = Release|Any CPU
		{4002710E-7525-464E-87B3-247ED132646A}.Debug|Any CPU.ActiveCfg = Debug|Any CPU
		{4002710E-7525-464E-87B3-247ED132646A}.Debug|Any CPU.Build.0 = Debug|Any CPU
		{4002710E-7525-464E-87B3-247ED132646A}.Release|Any CPU.ActiveCfg = Release|Any CPU
		{4002710E-7525-464E-87B3-247ED132646A}.Release|Any CPU.Build.0 = Release|Any CPU
		{B5DBA9E3-E57A-4EC0-A697-690457643196}.Debug|Any CPU.ActiveCfg = Debug|Any CPU
		{B5DBA9E3-E57A-4EC0-A697-690457643196}.Debug|Any CPU.Build.0 = Debug|Any CPU
		{B5DBA9E3-E57A-4EC0-A697-690457643196}.Release|Any CPU.ActiveCfg = Release|Any CPU
		{B5DBA9E3-E57A-4EC0-A697-690457643196}.Release|Any CPU.Build.0 = Release|Any CPU
	EndGlobalSection
EndGlobal
